
Microsoft Visual Studio Solution File, Format Version 12.00
# Visual Studio Version 16
VisualStudioVersion = 16.0.30225.117
MinimumVisualStudioVersion = 10.0.40219.1
Project("{9A19103F-16F7-4668-BE54-9A1E7A4F7556}") = "Edu.Api", "Edu.Api\Edu.Api.csproj", "{45601B9B-05B7-493E-B113-DA85B81D9591}"
EndProject
Project("{9A19103F-16F7-4668-BE54-9A1E7A4F7556}") = "Domain.Model", "Domain.Model\Domain.Model.csproj", "{A52DB0D0-4C5C-4CC7-AA7A-1A2E44C03B9D}"
EndProject
Project("{9A19103F-16F7-4668-BE54-9A1E7A4F7556}") = "Domain.DataAccess", "Domain.DataAccess\Domain.DataAccess.csproj", "{E4911500-0CF2-4A0D-85FA-689C64D6D5B9}"
EndProject
Global
	GlobalSection(SolutionConfigurationPlatforms) = preSolution
		Debug|Any CPU = Debug|Any CPU
		Release|Any CPU = Release|Any CPU
	EndGlobalSection
	GlobalSection(ProjectConfigurationPlatforms) = postSolution
		{45601B9B-05B7-493E-B113-DA85B81D9591}.Debug|Any CPU.ActiveCfg = Debug|Any CPU
		{45601B9B-05B7-493E-B113-DA85B81D9591}.Debug|Any CPU.Build.0 = Debug|Any CPU
		{45601B9B-05B7-493E-B113-DA85B81D9591}.Release|Any CPU.ActiveCfg = Release|Any CPU
		{45601B9B-05B7-493E-B113-DA85B81D9591}.Release|Any CPU.Build.0 = Release|Any CPU
		{A52DB0D0-4C5C-4CC7-AA7A-1A2E44C03B9D}.Debug|Any CPU.ActiveCfg = Debug|Any CPU
		{A52DB0D0-4C5C-4CC7-AA7A-1A2E44C03B9D}.Debug|Any CPU.Build.0 = Debug|Any CPU
		{A52DB0D0-4C5C-4CC7-AA7A-1A2E44C03B9D}.Release|Any CPU.ActiveCfg = Release|Any CPU
		{A52DB0D0-4C5C-4CC7-AA7A-1A2E44C03B9D}.Release|Any CPU.Build.0 = Release|Any CPU
		{E4911500-0CF2-4A0D-85FA-689C64D6D5B9}.Debug|Any CPU.ActiveCfg = Debug|Any CPU
		{E4911500-0CF2-4A0D-85FA-689C64D6D5B9}.Debug|Any CPU.Build.0 = Debug|Any CPU
		{E4911500-0CF2-4A0D-85FA-689C64D6D5B9}.Release|Any CPU.ActiveCfg = Release|Any CPU
		{E4911500-0CF2-4A0D-85FA-689C64D6D5B9}.Release|Any CPU.Build.0 = Release|Any CPU
	EndGlobalSection
	GlobalSection(SolutionProperties) = preSolution
		HideSolutionNode = FALSE
	EndGlobalSection
	GlobalSection(ExtensibilityGlobals) = postSolution
		SolutionGuid = {546D6CF6-0237-4F62-B34D-5FF45EA67266}
	EndGlobalSection
EndGlobal
